
Microsoft Visual Studio Solution File, Format Version 12.00
# Visual Studio Version 16
VisualStudioVersion = 16.0.30011.22
MinimumVisualStudioVersion = 10.0.40219.1
Project("{FAE04EC0-301F-11D3-BF4B-00C04F79EFBC}") = "WebAPIDemo", "WebAPIDemo.csproj", "{58E20418-B987-4EB9-BD62-CE707384A1E2}"
EndProject
Global
	GlobalSection(SolutionConfigurationPlatforms) = preSolution
		Debug|Any CPU = Debug|Any CPU
		Release|Any CPU = Release|Any CPU
	EndGlobalSection
	GlobalSection(ProjectConfigurationPlatforms) = postSolution
		{58E20418-B987-4EB9-BD62-CE707384A1E2}.Debug|Any CPU.ActiveCfg = Debug|Any CPU
		{58E20418-B987-4EB9-BD62-CE707384A1E2}.Debug|Any CPU.Build.0 = Debug|Any CPU
		{58E20418-B987-4EB9-BD62-CE707384A1E2}.Release|Any CPU.ActiveCfg = Release|Any CPU
		{58E20418-B987-4EB9-BD62-CE707384A1E2}.Release|Any CPU.Build.0 = Release|Any CPU
	EndGlobalSection
	GlobalSection(SolutionProperties) = preSolution
		HideSolutionNode = FALSE
	EndGlobalSection
	GlobalSection(ExtensibilityGlobals) = postSolution
		SolutionGuid = {DD1E91E5-A3B5-4F39-9BB3-C8ECE340BB01}
	EndGlobalSection
EndGlobal
